schema: '2.0'
stages:
  scrape:
    cmd: ante/bin/python scrape_all.py
    deps:
    - path: data/snapshots
      hash: md5
      md5: 5a3caf6ab1f8627fa5f8a1062deae256.dir
      size: 33093464
      nfiles: 298
    - path: scrape_all.py
      hash: md5
      md5: ec5de6a6ec5f97ea8d0a4cc43685b881
      size: 4170
    - path: scrape_dv_visa_bulletins.py
      hash: md5
      md5: d95831c3d3e512023a141ef0199c1024
      size: 9835
    - path: scrape_family_visa_bulletins.py
      hash: md5
      md5: e258bc19ed37603f6003aa07fc457575
      size: 7117
    - path: scrape_visa_bulletins.py
      hash: md5
      md5: f41f6947e4dd22f4d3eb154b1eeb0837
      size: 8236
    - path: visa_common.py
      hash: md5
      md5: 30777ee335faeff7412d1572de89fadd
      size: 15396
    outs:
    - path: data/raw
      hash: md5
      md5: 559fa17329b318c28b0e2a3cc4f65718.dir
      size: 2089449
      nfiles: 11
  panel:
    cmd: ante/bin/python build_panel.py
    deps:
    - path: build_panel.py
      hash: md5
      md5: bb513e295819b07e40afd8988863fa79
      size: 9410
    - path: data/raw
      hash: md5
      md5: 559fa17329b318c28b0e2a3cc4f65718.dir
      size: 2089449
      nfiles: 11
    outs:
    - path: data/processed/visa_panel_long.csv
      hash: md5
      md5: 00115d2dd0b68f0b8e58ee41762fe09b
      size: 1589531
  bulletins:
    cmd: ante/bin/python build_bulletins_json.py
    deps:
    - path: build_bulletins_json.py
      hash: md5
      md5: a7d1f8ecd6483e53f6ddc3cd5d929ba3
      size: 4017
    - path: data/processed/visa_panel_long.csv
      hash: md5
      md5: 00115d2dd0b68f0b8e58ee41762fe09b
      size: 1589531
    outs:
    - path: data/processed/bulletins.json
      hash: md5
      md5: 8e55bf29f3fcb28fe2c07e4efad57c4b
      size: 607669
  database:
    cmd: ante/bin/python build_database.py
    deps:
    - path: build_database.py
      hash: md5
      md5: 23f899a79e802d57df1783db5e8c46af
      size: 14277
    - path: config.py
      hash: md5
      md5: de3bfba4a3eb83b800debc65759ce1c4
      size: 2143
    - path: data/processed/visa_panel_long.csv
      hash: md5
      md5: 00115d2dd0b68f0b8e58ee41762fe09b
      size: 1589531
    - path: data/raw
      hash: md5
      md5: 559fa17329b318c28b0e2a3cc4f65718.dir
      size: 2089449
      nfiles: 11
    - path: schema.sql
      hash: md5
      md5: 528d8cd9be5c202473b00b6f68a7e8de
      size: 11437
    outs:
    - path: data/processed/visa_panel_long.parquet
      hash: md5
      md5: f4adc3bee365e3aeb207f22c46e51e55
      size: 98211
  key_facts:
    cmd: ante/bin/python experiments/build_key_facts.py
    deps:
    - path: data/processed/visa_panel_long.csv
      hash: md5
      md5: 00115d2dd0b68f0b8e58ee41762fe09b
      size: 1589531
    - path: experiments/build_key_facts.py
      hash: md5
      md5: 0381f91aa1387117728dec58067e82c4
      size: 6092
    - path: reports/auto_arima_baseline.csv
      hash: md5
      md5: e75d53398fcf272005c62f43a946dbaf
      size: 1848
    - path: reports/campaign_pool_DFF_family.csv
      hash: md5
      md5: d3bfca0ab145ab5cb2e5d0a9e7353d34
      size: 122930
    - path: reports/campaign_pool_FAD_family.csv
      hash: md5
      md5: c5ff72a4a36e6002c470d1794b044a3e
      size: 131050
    - path: reports/forecast_scorecard_meta.json
      hash: md5
      md5: e869aff57e5c65e6e7c512fce7e3ec69
      size: 2911
    - path: reports/significance_summary.json
      hash: md5
      md5: e5c7cc0cd172c56c4746f58aaeba1ae7
      size: 2745
    - path: vp_model/config.py
      hash: md5
      md5: bc470d30aa1b61fb6981ed34e07ec2fd
      size: 8709
    outs:
    - path: reports/key_facts.json
      hash: md5
      md5: d617d8b2105d30231e1a50f5dbd68bca
      size: 893
    - path: reports/latex/key_facts.tex
      hash: md5
      md5: a0773a1fbd0cd60aa88a0addc460092b
      size: 1123
