schema: '2.0'
stages:
  scrape:
    cmd: python -m pipeline.scrape_all
    deps:
    - path: data/snapshots
      hash: md5
      md5: 5a3caf6ab1f8627fa5f8a1062deae256.dir
      size: 33093464
      nfiles: 298
    - path: pipeline/scrape_all.py
      hash: md5
      md5: 8bee68e47682199d2534ea247f1af1aa
      size: 4238
    - path: pipeline/scrape_dv_visa_bulletins.py
      hash: md5
      md5: cc96684e6812471182987c9089728c52
      size: 9860
    - path: pipeline/scrape_family_visa_bulletins.py
      hash: md5
      md5: 24f0bbfec37ba57ce3cfc51cabf50f7d
      size: 7169
    - path: pipeline/scrape_visa_bulletins.py
      hash: md5
      md5: 6de80054f85aa825ca12fcfe4bdf0158
      size: 8288
    - path: vp_data/visa_common.py
      hash: md5
      md5: c33163ff4c82e55142ad35911ff73a22
      size: 15684
    outs:
    - path: data/raw
      hash: md5
      md5: 559fa17329b318c28b0e2a3cc4f65718.dir
      size: 2089449
      nfiles: 11
  panel:
    cmd: python -m pipeline.build_panel
    deps:
    - path: data/raw
      hash: md5
      md5: 559fa17329b318c28b0e2a3cc4f65718.dir
      size: 2089449
      nfiles: 11
    - path: pipeline/build_panel.py
      hash: md5
      md5: 4c46f84f448d4f28405b19897f40f7ff
      size: 11826
    - path: vp_data/cleaning.py
      hash: md5
      md5: ee547a573b7a2c1b827874079c2a75bd
      size: 8397
    outs:
    - path: data/processed/visa_panel_long.csv
      hash: md5
      md5: 00115d2dd0b68f0b8e58ee41762fe09b
      size: 1589531
    - path: reports/governance/cleaning_ledger.json
      hash: md5
      md5: 53c4c8f9a43812452654c51ad55df843
      size: 387
  bulletins:
    cmd: python -m pipeline.build_bulletins_json
    deps:
    - path: data/processed/visa_panel_long.csv
      hash: md5
      md5: 00115d2dd0b68f0b8e58ee41762fe09b
      size: 1589531
    - path: pipeline/build_bulletins_json.py
      hash: md5
      md5: 66c46684c209a71f3497af6f87680e08
      size: 4006
    outs:
    - path: data/processed/bulletins.json
      hash: md5
      md5: 8e55bf29f3fcb28fe2c07e4efad57c4b
      size: 607669
  database:
    cmd: python -m pipeline.build_database
    deps:
    - path: data/processed/visa_panel_long.csv
      hash: md5
      md5: 00115d2dd0b68f0b8e58ee41762fe09b
      size: 1589531
    - path: data/raw
      hash: md5
      md5: 559fa17329b318c28b0e2a3cc4f65718.dir
      size: 2089449
      nfiles: 11
    - path: pipeline/build_database.py
      hash: md5
      md5: abc1006b11c3ec2d8f95855976e02844
      size: 47468
    - path: pipeline/migrations
      hash: md5
      md5: eec79b4aeac7140a0e7305c44e7eb5de.dir
      size: 23373
      nfiles: 2
    - path: schema.sql
      hash: md5
      md5: 42f5490c7e691f40ab4991acc3611287
      size: 13450
    - path: vp_data/config.py
      hash: md5
      md5: a654e5484eb867c31f917a862a093958
      size: 3436
    - path: vp_data/visa_common.py
      hash: md5
      md5: c33163ff4c82e55142ad35911ff73a22
      size: 15684
    outs:
    - path: data/processed/visa_panel_long.parquet
      hash: md5
      md5: f4adc3bee365e3aeb207f22c46e51e55
      size: 98211
  key_facts:
    cmd: python experiments/build_key_facts.py
    deps:
    - path: data/processed/visa_panel_long.csv
      hash: md5
      md5: 00115d2dd0b68f0b8e58ee41762fe09b
      size: 1589531
    - path: experiments/build_key_facts.py
      hash: md5
      md5: dd7dd0267ca8a9ced0f74cc2fb5b766c
      size: 18381
    - path: reports/campaign/campaign_pool_DFF_family.csv
      hash: md5
      md5: 53d62b4fb1bc834df896cb550ab65658
      size: 173853
    - path: reports/campaign/campaign_pool_FAD_family.csv
      hash: md5
      md5: 8a96887e348ac614df7b1d87903da7da
      size: 186366
    - path: reports/campaign/global_DFF_camp_diff_s1.csv
      hash: md5
      md5: 82f8d74766b0e595a0fc5e078fbc2131
      size: 68463
    - path: reports/campaign/global_DFF_camp_diff_s2.csv
      hash: md5
      md5: 05b8df84f9e3a72bceb23a696a1a5d2b
      size: 68317
    - path: reports/campaign/global_DFF_camp_diff_s3.csv
      hash: md5
      md5: dd16bc46d45107223eae795c21347b05
      size: 68328
    - path: reports/campaign/global_DFF_camp_diff_s4.csv
      hash: md5
      md5: 8c41ba0292b6442f158fc2e3adbd4900
      size: 67962
    - path: reports/campaign/global_DFF_camp_diff_s5.csv
      hash: md5
      md5: f6cfa3f7451093d74d869f21981a7408
      size: 68255
    - path: reports/campaign/global_FAD_camp_auto_s1.csv
      hash: md5
      md5: 620274f01f5cff8213ebc6a47f2a2962
      size: 57094
    - path: reports/campaign/global_FAD_camp_auto_s2.csv
      hash: md5
      md5: 855743d9e913c0c04c9fdf43f68ae6bc
      size: 57065
    - path: reports/campaign/global_FAD_camp_auto_s3.csv
      hash: md5
      md5: 5aba06b329db8051cadebc7daae8903e
      size: 57110
    - path: reports/campaign/global_FAD_camp_auto_s4.csv
      hash: md5
      md5: 2236e1899198d2a29d097c2016c4ed7a
      size: 57140
    - path: reports/campaign/global_FAD_camp_auto_s5.csv
      hash: md5
      md5: 028422b8813ca5c8d02393e28e959e38
      size: 57105
    - path: reports/eval/auto_arima_baseline.csv
      hash: md5
      md5: 147fee243ce8867583482f45decd7bac
      size: 1907
    - path: reports/eval/significance_summary.json
      hash: md5
      md5: 652a4042ce959be20229a0d1dfef1e24
      size: 2854
    - path: reports/eval/tuned_params.json
      hash: md5
      md5: be80710533d58afaafea5e194425b44a
      size: 12908
    - path: reports/governance/champion_challenger.json
      hash: md5
      md5: 8ea7749b3a72c18d1b49110ccaab792a
      size: 7341
    - path: reports/governance/promotion_decision.json
      hash: md5
      md5: 92b55d847f5c1b2899583b69b5e5a324
      size: 1029
    - path: reports/prospective/forecast_scorecard_meta.json
      hash: md5
      md5: 71eb892494da32ff7b3a0d0cf067f4c2
      size: 8948
    - path: vp_model/config.py
      hash: md5
      md5: 834e1d6965c8912c1509216632cd4ed4
      size: 16066
    outs:
    - path: reports/governance/key_facts.json
      hash: md5
      md5: 934079e5297853cb3c28c8416766d361
      size: 15347
    - path: reports/latex/key_facts.tex
      hash: md5
      md5: 7a0782ecc2fbda10ec8749df20aa966f
      size: 2484
  eda_facts:
    cmd: python experiments/build_eda_facts.py
    deps:
    - path: data/processed/visa_panel_long.csv
      hash: md5
      md5: 00115d2dd0b68f0b8e58ee41762fe09b
      size: 1589531
    - path: experiments/build_eda_facts.py
      hash: md5
      md5: 8ce3f3b30ebfc52d08e7effbdb71aee0
      size: 11828
    - path: vp_model/dataset.py
      hash: md5
      md5: 6500bb64f6794afc96b97ce8de7e32cb
      size: 9365
    - path: vp_model/eda.py
      hash: md5
      md5: 1ae94ed509e5ac303953f7bcde1ae8ec
      size: 5658
    outs:
    - path: reports/eda/eda_facts.json
      hash: md5
      md5: cc34cad85d8b5dff150273510f1125ab
      size: 182066
  fe_facts:
    cmd: python experiments/build_fe_facts.py
    deps:
    - path: data/processed/visa_panel_long.csv
      hash: md5
      md5: 00115d2dd0b68f0b8e58ee41762fe09b
      size: 1589531
    - path: experiments/build_fe_facts.py
      hash: md5
      md5: c1eefa595ff9ee6debd679b13455c705
      size: 8076
    - path: vp_data/cleaning.py
      hash: md5
      md5: ee547a573b7a2c1b827874079c2a75bd
      size: 8397
    - path: vp_model/feature_builder.py
      hash: md5
      md5: 33d6cc3f544b7af8af442827fba110ee
      size: 13508
    - path: vp_model/feature_select.py
      hash: md5
      md5: 9db3b3bfb9b161228cd9c6a471ca09fd
      size: 4877
    - path: vp_model/series_characterization.py
      hash: md5
      md5: 6108f5560311a756bf91e00e8d543abd
      size: 14815
    outs:
    - path: reports/fe/fe_facts.json
      hash: md5
      md5: 8b0b5b788881ac3f0e15346858653dd8
      size: 19965
    - path: reports/latex/fe_facts.tex
      hash: md5
      md5: fa69e730e38cdc2e39cbb4bbcb2fb853
      size: 397
